
Microsoft Visual Studio Solution File, Format Version 12.00
# Visual Studio 15
VisualStudioVersion = 15.0.27428.2015
MinimumVisualStudioVersion = 10.0.40219.1
Project("{F184B08F-C81C-45F6-A57F-5ABD9991F28F}") = "Parcial_fechas_de_vencimiento", "Parcial_fechas_de_vencimiento\Parcial_fechas_de_vencimiento.vbproj", "{B7D99FBE-0F75-49D9-8CF9-B226488ED709}"
EndProject
Global
	GlobalSection(SolutionConfigurationPlatforms) = preSolution
		Debug|Any CPU = Debug|Any CPU
		Release|Any CPU = Release|Any CPU
	EndGlobalSection
	GlobalSection(ProjectConfigurationPlatforms) = postSolution
		{B7D99FBE-0F75-49D9-8CF9-B226488ED709}.Debug|Any CPU.ActiveCfg = Debug|Any CPU
		{B7D99FBE-0F75-49D9-8CF9-B226488ED709}.Debug|Any CPU.Build.0 = Debug|Any CPU
		{B7D99FBE-0F75-49D9-8CF9-B226488ED709}.Release|Any CPU.ActiveCfg = Release|Any CPU
		{B7D99FBE-0F75-49D9-8CF9-B226488ED709}.Release|Any CPU.Build.0 = Release|Any CPU
	EndGlobalSection
	GlobalSection(SolutionProperties) = preSolution
		HideSolutionNode = FALSE
	EndGlobalSection
	GlobalSection(ExtensibilityGlobals) = postSolution
		SolutionGuid = {CDB1AA5A-65A1-4C48-9620-1C7C79A4C98A}
	EndGlobalSection
EndGlobal
